
Microsoft Visual Studio Solution File, Format Version 12.00
# Visual Studio Version 17
VisualStudioVersion = 17.13.35913.81 d17.13
MinimumVisualStudioVersion = 10.0.40219.1
Project("{9A19103F-16F7-4668-BE54-9A1E7A4F7556}") = "PMD2_PMDUSB", "PMD2_PMDUSB.csproj", "{ABAFEBFF-0BC7-42F7-872D-C766FAD6E239}"
EndProject
Global
	GlobalSection(SolutionConfigurationPlatforms) = preSolution
		Debug|Any CPU = Debug|Any CPU
		Release|Any CPU = Release|Any CPU
	EndGlobalSection
	GlobalSection(ProjectConfigurationPlatforms) = postSolution
		{ABAFEBFF-0BC7-42F7-872D-C766FAD6E239}.Debug|Any CPU.ActiveCfg = Debug|Any CPU
		{ABAFEBFF-0BC7-42F7-872D-C766FAD6E239}.Debug|Any CPU.Build.0 = Debug|Any CPU
		{ABAFEBFF-0BC7-42F7-872D-C766FAD6E239}.Release|Any CPU.ActiveCfg = Release|Any CPU
		{ABAFEBFF-0BC7-42F7-872D-C766FAD6E239}.Release|Any CPU.Build.0 = Release|Any CPU
	EndGlobalSection
	GlobalSection(SolutionProperties) = preSolution
		HideSolutionNode = FALSE
	EndGlobalSection
	GlobalSection(ExtensibilityGlobals) = postSolution
		SolutionGuid = {EF77F7DA-A36E-4939-9991-EF3E9ECA67E2}
	EndGlobalSection
EndGlobal
